
Microsoft Visual Studio Solution File, Format Version 12.00
# Visual Studio Version 16
VisualStudioVersion = 16.0.32630.194
MinimumVisualStudioVersion = 10.0.40219.1
Project("{888888A0-9F3D-457C-B088-3A5042F75D52}") = "KOP_Logic", "KOP_Logic\KOP_Logic.pyproj", "{12C6718F-558E-447C-9B36-C174703932E5}"
EndProject
Global
	GlobalSection(SolutionConfigurationPlatforms) = preSolution
		Debug|Any CPU = Debug|Any CPU
		Release|Any CPU = Release|Any CPU
	EndGlobalSection
	GlobalSection(ProjectConfigurationPlatforms) = postSolution
		{12C6718F-558E-447C-9B36-C174703932E5}.Debug|Any CPU.ActiveCfg = Debug|Any CPU
		{12C6718F-558E-447C-9B36-C174703932E5}.Release|Any CPU.ActiveCfg = Release|Any CPU
	EndGlobalSection
	GlobalSection(SolutionProperties) = preSolution
		HideSolutionNode = FALSE
	EndGlobalSection
	GlobalSection(ExtensibilityGlobals) = postSolution
		SolutionGuid = {E51D5844-96D2-43DA-95C0-A1DD3D554E19}
	EndGlobalSection
EndGlobal
